
Microsoft Visual Studio Solution File, Format Version 12.00
# Visual Studio Version 17
VisualStudioVersion = 17.11.35303.130
MinimumVisualStudioVersion = 10.0.40219.1
Project("{9A19103F-16F7-4668-BE54-9A1E7A4F7556}") = "lib_repositorios", "lib_repositorios\lib_repositorios.csproj", "{88EB4963-B4A5-41F8-ADC1-C72BE124EF91}"
EndProject
Project("{9A19103F-16F7-4668-BE54-9A1E7A4F7556}") = "mst_pruebas", "mst_pruebas\mst_pruebas.csproj", "{3CF50D3C-AC25-4927-93DB-476E3BB33BED}"
EndProject
Project("{9A19103F-16F7-4668-BE54-9A1E7A4F7556}") = "lib_entidades", "lib_entidades\lib_entidades.csproj", "{E9357659-9F15-461B-81F6-1224B657CE13}"
EndProject
Project("{9A19103F-16F7-4668-BE54-9A1E7A4F7556}") = "lib_aplicaciones", "lib_aplicaciones\lib_aplicaciones.csproj", "{38987148-ADB0-4AB2-BAD6-D2F535F68E97}"
EndProject
Project("{9A19103F-16F7-4668-BE54-9A1E7A4F7556}") = "asp_servicios", "asp_servicios\asp_servicios.csproj", "{0EB261AF-EE1E-4CC8-85F9-0ACF866826FE}"
EndProject
Project("{2150E333-8FDC-42A3-9474-1A3956D46DE8}") = "1 Presentaciones", "1 Presentaciones", "{3D5184ED-EB56-46CB-9D29-4AE4E7B3576A}"
EndProject
Project("{2150E333-8FDC-42A3-9474-1A3956D46DE8}") = "2 Servicios", "2 Servicios", "{47799811-AA60-4BCF-B256-904C0A85C2AE}"
EndProject
Project("{2150E333-8FDC-42A3-9474-1A3956D46DE8}") = "3 Comunes", "3 Comunes", "{2E6E82AD-1241-4CF8-B483-233EEE6A675A}"
EndProject
Project("{2150E333-8FDC-42A3-9474-1A3956D46DE8}") = "4 Pruebas Unitarias", "4 Pruebas Unitarias", "{D99A7CE9-19D3-4750-996D-3D3A43212669}"
EndProject
Project("{9A19103F-16F7-4668-BE54-9A1E7A4F7556}") = "lib_utilidades", "lib_utilidades\lib_utilidades.csproj", "{0D890D2C-AD36-427B-9DCD-1D829F190097}"
EndProject
Project("{9A19103F-16F7-4668-BE54-9A1E7A4F7556}") = "lib_presentaciones", "lib_presentaciones\lib_presentaciones.csproj", "{A130F820-6740-4874-9C57-E5447DAB8EBE}"
	ProjectSection(ProjectDependencies) = postProject
		{0D890D2C-AD36-427B-9DCD-1D829F190097} = {0D890D2C-AD36-427B-9DCD-1D829F190097}
		{73292F29-26FE-4F32-976A-93E1C5B2E326} = {73292F29-26FE-4F32-976A-93E1C5B2E326}
		{E9357659-9F15-461B-81F6-1224B657CE13} = {E9357659-9F15-461B-81F6-1224B657CE13}
	EndProjectSection
EndProject
Project("{9A19103F-16F7-4668-BE54-9A1E7A4F7556}") = "lib_comunicaciones", "lib_comunicaciones\lib_comunicaciones.csproj", "{73292F29-26FE-4F32-976A-93E1C5B2E326}"
EndProject
Project("{FAE04EC0-301F-11D3-BF4B-00C04F79EFBC}") = "asp_presentaciones", "asp_presentaciones\asp_presentaciones.csproj", "{8A1273E8-9B7B-45B5-8F2C-D1313A0CA652}"
EndProject
Global
	GlobalSection(SolutionConfigurationPlatforms) = preSolution
		Debug|Any CPU = Debug|Any CPU
		Release|Any CPU = Release|Any CPU
	EndGlobalSection
	GlobalSection(ProjectConfigurationPlatforms) = postSolution
		{88EB4963-B4A5-41F8-ADC1-C72BE124EF91}.Debug|Any CPU.ActiveCfg = Debug|Any CPU
		{88EB4963-B4A5-41F8-ADC1-C72BE124EF91}.Debug|Any CPU.Build.0 = Debug|Any CPU
		{88EB4963-B4A5-41F8-ADC1-C72BE124EF91}.Release|Any CPU.ActiveCfg = Release|Any CPU
		{88EB4963-B4A5-41F8-ADC1-C72BE124EF91}.Release|Any CPU.Build.0 = Release|Any CPU
		{3CF50D3C-AC25-4927-93DB-476E3BB33BED}.Debug|Any CPU.ActiveCfg = Debug|Any CPU
		{3CF50D3C-AC25-4927-93DB-476E3BB33BED}.Debug|Any CPU.Build.0 = Debug|Any CPU
		{3CF50D3C-AC25-4927-93DB-476E3BB33BED}.Release|Any CPU.ActiveCfg = Release|Any CPU
		{3CF50D3C-AC25-4927-93DB-476E3BB33BED}.Release|Any CPU.Build.0 = Release|Any CPU
		{E9357659-9F15-461B-81F6-1224B657CE13}.Debug|Any CPU.ActiveCfg = Debug|Any CPU
		{E9357659-9F15-461B-81F6-1224B657CE13}.Debug|Any CPU.Build.0 = Debug|Any CPU
		{E9357659-9F15-461B-81F6-1224B657CE13}.Release|Any CPU.ActiveCfg = Release|Any CPU
		{E9357659-9F15-461B-81F6-1224B657CE13}.Release|Any CPU.Build.0 = Release|Any CPU
		{38987148-ADB0-4AB2-BAD6-D2F535F68E97}.Debug|Any CPU.ActiveCfg = Debug|Any CPU
		{38987148-ADB0-4AB2-BAD6-D2F535F68E97}.Debug|Any CPU.Build.0 = Debug|Any CPU
		{38987148-ADB0-4AB2-BAD6-D2F535F68E97}.Release|Any CPU.ActiveCfg = Release|Any CPU
		{38987148-ADB0-4AB2-BAD6-D2F535F68E97}.Release|Any CPU.Build.0 = Release|Any CPU
		{0EB261AF-EE1E-4CC8-85F9-0ACF866826FE}.Debug|Any CPU.ActiveCfg = Debug|Any CPU
		{0EB261AF-EE1E-4CC8-85F9-0ACF866826FE}.Debug|Any CPU.Build.0 = Debug|Any CPU
		{0EB261AF-EE1E-4CC8-85F9-0ACF866826FE}.Release|Any CPU.ActiveCfg = Release|Any CPU
		{0EB261AF-EE1E-4CC8-85F9-0ACF866826FE}.Release|Any CPU.Build.0 = Release|Any CPU
		{0D890D2C-AD36-427B-9DCD-1D829F190097}.Debug|Any CPU.ActiveCfg = Debug|Any CPU
		{0D890D2C-AD36-427B-9DCD-1D829F190097}.Debug|Any CPU.Build.0 = Debug|Any CPU
		{0D890D2C-AD36-427B-9DCD-1D829F190097}.Release|Any CPU.ActiveCfg = Release|Any CPU
		{0D890D2C-AD36-427B-9DCD-1D829F190097}.Release|Any CPU.Build.0 = Release|Any CPU
		{A130F820-6740-4874-9C57-E5447DAB8EBE}.Debug|Any CPU.ActiveCfg = Debug|Any CPU
		{A130F820-6740-4874-9C57-E5447DAB8EBE}.Debug|Any CPU.Build.0 = Debug|Any CPU
		{A130F820-6740-4874-9C57-E5447DAB8EBE}.Release|Any CPU.ActiveCfg = Release|Any CPU
		{A130F820-6740-4874-9C57-E5447DAB8EBE}.Release|Any CPU.Build.0 = Release|Any CPU
		{73292F29-26FE-4F32-976A-93E1C5B2E326}.Debug|Any CPU.ActiveCfg = Debug|Any CPU
		{73292F29-26FE-4F32-976A-93E1C5B2E326}.Debug|Any CPU.Build.0 = Debug|Any CPU
		{73292F29-26FE-4F32-976A-93E1C5B2E326}.Release|Any CPU.ActiveCfg = Release|Any CPU
		{73292F29-26FE-4F32-976A-93E1C5B2E326}.Release|Any CPU.Build.0 = Release|Any CPU
		{8A1273E8-9B7B-45B5-8F2C-D1313A0CA652}.Debug|Any CPU.ActiveCfg = Debug|Any CPU
		{8A1273E8-9B7B-45B5-8F2C-D1313A0CA652}.Debug|Any CPU.Build.0 = Debug|Any CPU
		{8A1273E8-9B7B-45B5-8F2C-D1313A0CA652}.Release|Any CPU.ActiveCfg = Release|Any CPU
		{8A1273E8-9B7B-45B5-8F2C-D1313A0CA652}.Release|Any CPU.Build.0 = Release|Any CPU
	EndGlobalSection
	GlobalSection(SolutionProperties) = preSolution
		HideSolutionNode = FALSE
	EndGlobalSection
	GlobalSection(NestedProjects) = preSolution
		{88EB4963-B4A5-41F8-ADC1-C72BE124EF91} = {47799811-AA60-4BCF-B256-904C0A85C2AE}
		{3CF50D3C-AC25-4927-93DB-476E3BB33BED} = {D99A7CE9-19D3-4750-996D-3D3A43212669}
		{E9357659-9F15-461B-81F6-1224B657CE13} = {2E6E82AD-1241-4CF8-B483-233EEE6A675A}
		{38987148-ADB0-4AB2-BAD6-D2F535F68E97} = {47799811-AA60-4BCF-B256-904C0A85C2AE}
		{0EB261AF-EE1E-4CC8-85F9-0ACF866826FE} = {47799811-AA60-4BCF-B256-904C0A85C2AE}
		{0D890D2C-AD36-427B-9DCD-1D829F190097} = {2E6E82AD-1241-4CF8-B483-233EEE6A675A}
		{A130F820-6740-4874-9C57-E5447DAB8EBE} = {3D5184ED-EB56-46CB-9D29-4AE4E7B3576A}
		{73292F29-26FE-4F32-976A-93E1C5B2E326} = {3D5184ED-EB56-46CB-9D29-4AE4E7B3576A}
		{8A1273E8-9B7B-45B5-8F2C-D1313A0CA652} = {3D5184ED-EB56-46CB-9D29-4AE4E7B3576A}
	EndGlobalSection
	GlobalSection(ExtensibilityGlobals) = postSolution
		SolutionGuid = {C3D5D0CD-8D12-41DB-9949-2B37C3341A7F}
	EndGlobalSection
EndGlobal
